<?xml version="1.0" encoding="UTF-8" standalone="yes" ?>
<CodeBlocks_project_file>
	<FileVersion major="1" minor="6" />
	<Project>
		<Option title="DataStructuresAssignOne" />
		<Option pch_mode="2" />
		<Option compiler="gcc" />
		<Build>
			<Target title="Debug">
				<Option output="bin/Debug/DataStructuresAssignOne" prefix_auto="1" extension_auto="1" />
				<Option object_output="obj/Debug/" />
				<Option type="1" />
				<Option compiler="gcc" />
				<Compiler>
					<Add option="-g" />
					<Add directory="libs" />
					<Add directory="libs/DS" />
				</Compiler>
			</Target>
			<Target title="Release">
				<Option output="bin/Release/DataStructuresAssignOne" prefix_auto="1" extension_auto="1" />
				<Option object_output="obj/Release/" />
				<Option type="1" />
				<Option compiler="gcc" />
				<Compiler>
					<Add option="-O2" />
					<Add directory="libs" />
					<Add directory="libs/DS" />
				</Compiler>
				<Linker>
					<Add option="-s" />
				</Linker>
			</Target>
		</Build>
		<Compiler>
			<Add option="-Wall" />
			<Add option="-fexceptions" />
		</Compiler>
		<Unit filename="libs/DS/DS_Date.cpp" />
		<Unit filename="libs/DS/DS_Date.h" />
		<Unit filename="libs/DS/DS_File.cpp" />
		<Unit filename="libs/DS/DS_File.h" />
		<Unit filename="libs/DS/DS_StringStatic.cpp" />
		<Unit filename="libs/DS/DS_StringStatic.h" />
		<Unit filename="libs/DS/DS_Time.cpp" />
		<Unit filename="libs/DS/DS_Time.h" />
		<Unit filename="libs/DS/DS_Vector.cpp" />
		<Unit filename="libs/DS/DS_Vector.h" />
		<Unit filename="main.cpp" />
		<Extensions>
			<envvars />
			<code_completion />
			<lib_finder disable_auto="1" />
			<debugger />
		</Extensions>
	</Project>
</CodeBlocks_project_file>
